
Microsoft Visual Studio Solution File, Format Version 12.00
Project("{2150E333-8FDC-42A3-9474-1A3956D46DE8}") = "Services", "Services", "{67E55EF5-4500-497D-B853-1D4E90B6F48D}"
EndProject
Project("{2150E333-8FDC-42A3-9474-1A3956D46DE8}") = "Shared", "Shared", "{058950C2-E5E7-4F9E-9401-11AE064D6305}"
EndProject
Project("{2150E333-8FDC-42A3-9474-1A3956D46DE8}") = "Files", "Files", "{009FE163-07F8-4E8E-9FCF-84B24EBA5EF6}"
EndProject
Project("{2150E333-8FDC-42A3-9474-1A3956D46DE8}") = "Portal", "Portal", "{03E05E33-7526-4545-B84E-FE43CEFE5361}"
EndProject
Project("{FAE04EC0-301F-11D3-BF4B-00C04F79EFBC}") = "Freaks.Files.WebApi", "Services\Files\Freaks.Files.WebApi\Freaks.Files.WebApi.csproj", "{B769479F-6F9B-4119-9597-38C488FF619C}"
EndProject
Project("{2150E333-8FDC-42A3-9474-1A3956D46DE8}") = "Bll", "Bll", "{F47702CC-F0F6-4A05-80E2-0830405A72B7}"
EndProject
Project("{2150E333-8FDC-42A3-9474-1A3956D46DE8}") = "Dal", "Dal", "{DAEDD12E-8180-4D18-A1BF-92E38FC3B7C7}"
EndProject
Project("{FAE04EC0-301F-11D3-BF4B-00C04F79EFBC}") = "Freaks.Files.Bll.Interfaces", "Services\Files\Bll\Freaks.Files.Bll.Interfaces\Freaks.Files.Bll.Interfaces.csproj", "{8A0E711F-D3B5-4FD2-A6FA-1E5B9832BF75}"
EndProject
Project("{FAE04EC0-301F-11D3-BF4B-00C04F79EFBC}") = "Freaks.Files.Bll.Implementation", "Services\Files\Bll\Freaks.Files.Bll.Implementation\Freaks.Files.Bll.Implementation.csproj", "{AA1C2E6C-8A56-4A9C-AAFB-1F1883CF11AC}"
EndProject
Project("{FAE04EC0-301F-11D3-BF4B-00C04F79EFBC}") = "Freaks.Files.Dal.Interfaces", "Services\Files\Dal\Freaks.Files.Dal.Interfaces\Freaks.Files.Dal.Interfaces.csproj", "{E1712F0A-1E61-4985-9EAE-9C3AEA595D1F}"
EndProject
Project("{FAE04EC0-301F-11D3-BF4B-00C04F79EFBC}") = "Freaks.Files.Dal.Implementation", "Services\Files\Dal\Freaks.Files.Dal.Implementation\Freaks.Files.Dal.Implementation.csproj", "{11824573-A71C-43A1-87C9-E92B0FE4B91A}"
EndProject
Project("{FAE04EC0-301F-11D3-BF4B-00C04F79EFBC}") = "Freaks.Files.Contracts", "Services\Files\Freaks.Files.Contracts\Freaks.Files.Contracts.csproj", "{884CB266-1FEC-4713-B3BE-A620C5CE34B6}"
EndProject
Project("{FAE04EC0-301F-11D3-BF4B-00C04F79EFBC}") = "Freaks.Files.SharedContracts", "Services\Files\Freaks.Files.SharedContracts\Freaks.Files.SharedContracts.csproj", "{EEE33220-A6CA-4EBC-852F-E2CF3E4EC3E7}"
EndProject
Project("{2150E333-8FDC-42A3-9474-1A3956D46DE8}") = "Bll", "Bll", "{6B3BE847-4813-4E22-ADA1-A0B9E8DAB908}"
EndProject
Project("{2150E333-8FDC-42A3-9474-1A3956D46DE8}") = "Dal", "Dal", "{A0E73277-518C-4A43-B690-A0FCED10D55A}"
EndProject
Project("{FAE04EC0-301F-11D3-BF4B-00C04F79EFBC}") = "Freaks.Portal.WebApi", "Services\Portal\Freaks.Portal.WebApi\Freaks.Portal.WebApi.csproj", "{DE966DCB-BABE-442A-913C-E81E5C247317}"
EndProject
Project("{FAE04EC0-301F-11D3-BF4B-00C04F79EFBC}") = "Freaks.Portal.Contracts", "Services\Portal\Freaks.Portal.Contracts\Freaks.Portal.Contracts.csproj", "{27BBD577-4EB1-4708-9F48-2BF0C9D3FE86}"
EndProject
Project("{FAE04EC0-301F-11D3-BF4B-00C04F79EFBC}") = "Freaks.Portal.Bll.Interfaces", "Services\Portal\Bll\Freaks.Portal.Bll.Interfaces\Freaks.Portal.Bll.Interfaces.csproj", "{D348CA6D-6B58-4A2C-9560-F4B4A7326E19}"
EndProject
Project("{FAE04EC0-301F-11D3-BF4B-00C04F79EFBC}") = "Freaks.Portal.Bll.Implementation", "Services\Portal\Bll\Freaks.Portal.Bll.Implementation\Freaks.Portal.Bll.Implementation.csproj", "{CBA30313-4656-4CB2-AFE3-C2EE371B938A}"
EndProject
Project("{FAE04EC0-301F-11D3-BF4B-00C04F79EFBC}") = "Freaks.Portal.SharedContracts", "Services\Portal\Freaks.Portal.SharedContracts\Freaks.Portal.SharedContracts.csproj", "{DD4508C6-BB87-420A-92BC-82EB5AE1AEF3}"
EndProject
Project("{FAE04EC0-301F-11D3-BF4B-00C04F79EFBC}") = "Freaks.Portal.Dal.Interfaces", "Services\Portal\Dal\Freaks.Portal.Dal.Interfaces\Freaks.Portal.Dal.Interfaces.csproj", "{1C68AF90-7ED8-4A41-B757-29D49171AEDB}"
EndProject
Project("{FAE04EC0-301F-11D3-BF4B-00C04F79EFBC}") = "Freaks.Portal.Dal.Implementation", "Services\Portal\Dal\Freaks.Portal.Dal.Implementation\Freaks.Portal.Dal.Implementation.csproj", "{75F587A8-F86F-4A4F-9262-131E4F358CA1}"
EndProject
Project("{FAE04EC0-301F-11D3-BF4B-00C04F79EFBC}") = "Freaks.Bll.Common", "Shared\Freaks.Bll.Common\Freaks.Bll.Common.csproj", "{5878DE36-9655-4301-BEB1-EC8013F8CE2D}"
EndProject
Project("{FAE04EC0-301F-11D3-BF4B-00C04F79EFBC}") = "Freaks.Dal.Common", "Shared\Freaks.Dal.Common\Freaks.Dal.Common.csproj", "{5B06C3F1-D9D4-49FB-A6AD-ED34EEA8D6B9}"
EndProject
Project("{FAE04EC0-301F-11D3-BF4B-00C04F79EFBC}") = "Freaks.WebApi.Common", "Shared\Freaks.WebApi.Common\Freaks.WebApi.Common.csproj", "{67DC3B83-F5E6-4BB4-BE63-27913186F8A6}"
EndProject
Project("{2150E333-8FDC-42A3-9474-1A3956D46DE8}") = "Bots", "Bots", "{FDF32484-E47A-4CBE-B4BE-DE5D7C659AD2}"
EndProject
Project("{2150E333-8FDC-42A3-9474-1A3956D46DE8}") = "TelegramBot", "TelegramBot", "{EC44D856-2AE4-48C6-84E3-56A64C8E3A98}"
EndProject
Project("{2150E333-8FDC-42A3-9474-1A3956D46DE8}") = "DiscordBot", "DiscordBot", "{C9376B58-E1AA-4EAB-B808-5E06DE9097D0}"
EndProject
Project("{2150E333-8FDC-42A3-9474-1A3956D46DE8}") = "Bll", "Bll", "{28CC08F7-739C-4288-85FF-D9FF8DABBEAC}"
EndProject
Project("{2150E333-8FDC-42A3-9474-1A3956D46DE8}") = "Dal", "Dal", "{BFD38A65-EA56-42E3-BF37-B1E2FA2758FA}"
EndProject
Project("{2150E333-8FDC-42A3-9474-1A3956D46DE8}") = "Bll", "Bll", "{92D7E8D3-D1D2-4BFD-8A90-7AC8E4F00FA7}"
EndProject
Project("{2150E333-8FDC-42A3-9474-1A3956D46DE8}") = "Dal", "Dal", "{73964E84-59A3-46D0-8094-4DE318A0D0EA}"
EndProject
Project("{FAE04EC0-301F-11D3-BF4B-00C04F79EFBC}") = "Freaks.Bots.DiscordBot.Bll.Interfaces", "Services\Bots\DiscordBot\Bll\Freaks.Bots.DiscordBot.Bll.Interfaces\Freaks.Bots.DiscordBot.Bll.Interfaces.csproj", "{851121B2-EBC7-4ECF-A7D3-E3AEAEF05765}"
EndProject
Project("{FAE04EC0-301F-11D3-BF4B-00C04F79EFBC}") = "Freaks.Bots.DiscordBot.Bll.Implementation", "Services\Bots\DiscordBot\Bll\Freaks.Bots.DiscordBot.Bll.Implementation\Freaks.Bots.DiscordBot.Bll.Implementation.csproj", "{1ECDC06D-5A05-4283-A2A7-DBE8826B2010}"
EndProject
Project("{FAE04EC0-301F-11D3-BF4B-00C04F79EFBC}") = "Freaks.Bots.DiscordBot.Dal.Interfaces", "Services\Bots\DiscordBot\Dal\Freaks.Bots.DiscordBot.Dal.Interfaces\Freaks.Bots.DiscordBot.Dal.Interfaces.csproj", "{FD2BE4CA-0C9C-407E-9D72-D82182B715E7}"
EndProject
Project("{FAE04EC0-301F-11D3-BF4B-00C04F79EFBC}") = "Freaks.Bots.DiscordBot.Dal.Implemetation", "Services\Bots\DiscordBot\Dal\Freaks.Bots.DiscordBot.Dal.Implemetation\Freaks.Bots.DiscordBot.Dal.Implemetation.csproj", "{755CCA89-9941-4061-A6E5-B0CB8DE69E75}"
EndProject
Project("{FAE04EC0-301F-11D3-BF4B-00C04F79EFBC}") = "Freaks.Bots.DiscordBot.WebApi", "Services\Bots\DiscordBot\Freaks.Bots.DiscordBot.WebApi\Freaks.Bots.DiscordBot.WebApi.csproj", "{314E0459-0A0D-4DB8-8B29-0969D690C0BE}"
EndProject
Project("{FAE04EC0-301F-11D3-BF4B-00C04F79EFBC}") = "Freaks.Bots.DiscordBot.Contracts", "Services\Bots\DiscordBot\Freaks.Bots.DiscordBot.Contracts\Freaks.Bots.DiscordBot.Contracts.csproj", "{BB0D56E9-1FC5-4EB2-8266-C7515E201FBB}"
EndProject
Project("{FAE04EC0-301F-11D3-BF4B-00C04F79EFBC}") = "Freaks.Bots.DiscordBot.SharedContracts", "Services\Bots\DiscordBot\Freaks.Bots.DiscordBot.SharedContracts\Freaks.Bots.DiscordBot.SharedContracts.csproj", "{C5C320CE-15AE-4F4E-84C6-2B9518488163}"
EndProject
Project("{FAE04EC0-301F-11D3-BF4B-00C04F79EFBC}") = "Freaks.Bots.TelegramBot.Bll.Interfaces", "Services\Bots\TelegramBot\Bll\Freaks.Bots.TelegramBot.Bll.Interfaces\Freaks.Bots.TelegramBot.Bll.Interfaces.csproj", "{05C4456B-7C23-40C7-9C13-7CF55AED2361}"
EndProject
Project("{FAE04EC0-301F-11D3-BF4B-00C04F79EFBC}") = "Freaks.Bots.TelegramBot.Bll.Implementation", "Services\Bots\TelegramBot\Bll\Freaks.Bots.TelegramBot.Bll.Implementation\Freaks.Bots.TelegramBot.Bll.Implementation.csproj", "{FBD26267-4504-4075-89DB-58717EAC08CA}"
EndProject
Project("{FAE04EC0-301F-11D3-BF4B-00C04F79EFBC}") = "Freaks.Bots.TelegramBot.Dal.Interfaces", "Services\Bots\TelegramBot\Dal\Freaks.Bots.TelegramBot.Dal.Interfaces\Freaks.Bots.TelegramBot.Dal.Interfaces.csproj", "{3A434520-F061-4585-A859-E094CFAEAFBC}"
EndProject
Project("{FAE04EC0-301F-11D3-BF4B-00C04F79EFBC}") = "Freaks.Bots.TelegramBot.Dal.Implementation", "Services\Bots\TelegramBot\Dal\Freaks.Bots.TelegramBot.Dal.Implementation\Freaks.Bots.TelegramBot.Dal.Implementation.csproj", "{2D54ED53-D7F0-4AED-B649-43FEE8E01344}"
EndProject
Project("{FAE04EC0-301F-11D3-BF4B-00C04F79EFBC}") = "Freaks.Bots.TelegramBot.Contracts", "Services\Bots\TelegramBot\Freaks.Bots.TelegramBot.Contracts\Freaks.Bots.TelegramBot.Contracts.csproj", "{75B7BADF-68A5-4B39-B218-5541BE34756E}"
EndProject
Project("{FAE04EC0-301F-11D3-BF4B-00C04F79EFBC}") = "Freaks.Bots.TelegramBot.SharedContracts", "Services\Bots\TelegramBot\Freaks.Bots.TelegramBot.SharedContracts\Freaks.Bots.TelegramBot.SharedContracts.csproj", "{0E917BA8-4B0B-41D0-B33B-869BEEF619EC}"
EndProject
Project("{FAE04EC0-301F-11D3-BF4B-00C04F79EFBC}") = "Freaks.Bots.TelegramBot.WebApi", "Services\Bots\TelegramBot\Freaks.Bots.TelegramBot.WebApi\Freaks.Bots.TelegramBot.WebApi.csproj", "{EDFD6DD0-A747-41A4-B9B2-153957D59401}"
EndProject
Project("{FAE04EC0-301F-11D3-BF4B-00C04F79EFBC}") = "Freaks.Options.Common", "Shared\Freaks.Options.Common\Freaks.Options.Common.csproj", "{5774D0D3-E4E4-465E-823C-7BA14B8F08A1}"
EndProject
Project("{FAE04EC0-301F-11D3-BF4B-00C04F79EFBC}") = "Freaks.Contracts.Common", "Shared\Freaks.Contracts.Common\Freaks.Contracts.Common.csproj", "{7ED5A0D1-A883-4110-8498-0254FE7014D4}"
EndProject
Project("{FAE04EC0-301F-11D3-BF4B-00C04F79EFBC}") = "Freaks.Users", "Shared\Freaks.Users\Freaks.Users.csproj", "{6E6A0481-6139-4246-A38D-E722FC323C29}"
EndProject
Project("{FAE04EC0-301F-11D3-BF4B-00C04F79EFBC}") = "Freaks.Portal.Dal.Persistence", "Services\Portal\Dal\Freaks.Portal.Dal.Persistence\Freaks.Portal.Dal.Persistence.csproj", "{890CC15A-4AFA-4361-92E9-B16C5FF71E20}"
EndProject
Global
	GlobalSection(SolutionConfigurationPlatforms) = preSolution
		Debug|Any CPU = Debug|Any CPU
		Release|Any CPU = Release|Any CPU
	EndGlobalSection
	GlobalSection(NestedProjects) = preSolution
		{009FE163-07F8-4E8E-9FCF-84B24EBA5EF6} = {67E55EF5-4500-497D-B853-1D4E90B6F48D}
		{03E05E33-7526-4545-B84E-FE43CEFE5361} = {67E55EF5-4500-497D-B853-1D4E90B6F48D}
		{B769479F-6F9B-4119-9597-38C488FF619C} = {009FE163-07F8-4E8E-9FCF-84B24EBA5EF6}
		{F47702CC-F0F6-4A05-80E2-0830405A72B7} = {009FE163-07F8-4E8E-9FCF-84B24EBA5EF6}
		{DAEDD12E-8180-4D18-A1BF-92E38FC3B7C7} = {009FE163-07F8-4E8E-9FCF-84B24EBA5EF6}
		{8A0E711F-D3B5-4FD2-A6FA-1E5B9832BF75} = {F47702CC-F0F6-4A05-80E2-0830405A72B7}
		{AA1C2E6C-8A56-4A9C-AAFB-1F1883CF11AC} = {F47702CC-F0F6-4A05-80E2-0830405A72B7}
		{E1712F0A-1E61-4985-9EAE-9C3AEA595D1F} = {DAEDD12E-8180-4D18-A1BF-92E38FC3B7C7}
		{11824573-A71C-43A1-87C9-E92B0FE4B91A} = {DAEDD12E-8180-4D18-A1BF-92E38FC3B7C7}
		{884CB266-1FEC-4713-B3BE-A620C5CE34B6} = {009FE163-07F8-4E8E-9FCF-84B24EBA5EF6}
		{EEE33220-A6CA-4EBC-852F-E2CF3E4EC3E7} = {009FE163-07F8-4E8E-9FCF-84B24EBA5EF6}
		{6B3BE847-4813-4E22-ADA1-A0B9E8DAB908} = {03E05E33-7526-4545-B84E-FE43CEFE5361}
		{A0E73277-518C-4A43-B690-A0FCED10D55A} = {03E05E33-7526-4545-B84E-FE43CEFE5361}
		{DE966DCB-BABE-442A-913C-E81E5C247317} = {03E05E33-7526-4545-B84E-FE43CEFE5361}
		{27BBD577-4EB1-4708-9F48-2BF0C9D3FE86} = {03E05E33-7526-4545-B84E-FE43CEFE5361}
		{D348CA6D-6B58-4A2C-9560-F4B4A7326E19} = {6B3BE847-4813-4E22-ADA1-A0B9E8DAB908}
		{CBA30313-4656-4CB2-AFE3-C2EE371B938A} = {6B3BE847-4813-4E22-ADA1-A0B9E8DAB908}
		{DD4508C6-BB87-420A-92BC-82EB5AE1AEF3} = {03E05E33-7526-4545-B84E-FE43CEFE5361}
		{1C68AF90-7ED8-4A41-B757-29D49171AEDB} = {A0E73277-518C-4A43-B690-A0FCED10D55A}
		{75F587A8-F86F-4A4F-9262-131E4F358CA1} = {A0E73277-518C-4A43-B690-A0FCED10D55A}
		{5878DE36-9655-4301-BEB1-EC8013F8CE2D} = {058950C2-E5E7-4F9E-9401-11AE064D6305}
		{5B06C3F1-D9D4-49FB-A6AD-ED34EEA8D6B9} = {058950C2-E5E7-4F9E-9401-11AE064D6305}
		{67DC3B83-F5E6-4BB4-BE63-27913186F8A6} = {058950C2-E5E7-4F9E-9401-11AE064D6305}
		{FDF32484-E47A-4CBE-B4BE-DE5D7C659AD2} = {67E55EF5-4500-497D-B853-1D4E90B6F48D}
		{EC44D856-2AE4-48C6-84E3-56A64C8E3A98} = {FDF32484-E47A-4CBE-B4BE-DE5D7C659AD2}
		{C9376B58-E1AA-4EAB-B808-5E06DE9097D0} = {FDF32484-E47A-4CBE-B4BE-DE5D7C659AD2}
		{28CC08F7-739C-4288-85FF-D9FF8DABBEAC} = {C9376B58-E1AA-4EAB-B808-5E06DE9097D0}
		{BFD38A65-EA56-42E3-BF37-B1E2FA2758FA} = {C9376B58-E1AA-4EAB-B808-5E06DE9097D0}
		{92D7E8D3-D1D2-4BFD-8A90-7AC8E4F00FA7} = {EC44D856-2AE4-48C6-84E3-56A64C8E3A98}
		{73964E84-59A3-46D0-8094-4DE318A0D0EA} = {EC44D856-2AE4-48C6-84E3-56A64C8E3A98}
		{851121B2-EBC7-4ECF-A7D3-E3AEAEF05765} = {28CC08F7-739C-4288-85FF-D9FF8DABBEAC}
		{1ECDC06D-5A05-4283-A2A7-DBE8826B2010} = {28CC08F7-739C-4288-85FF-D9FF8DABBEAC}
		{FD2BE4CA-0C9C-407E-9D72-D82182B715E7} = {BFD38A65-EA56-42E3-BF37-B1E2FA2758FA}
		{755CCA89-9941-4061-A6E5-B0CB8DE69E75} = {BFD38A65-EA56-42E3-BF37-B1E2FA2758FA}
		{314E0459-0A0D-4DB8-8B29-0969D690C0BE} = {C9376B58-E1AA-4EAB-B808-5E06DE9097D0}
		{BB0D56E9-1FC5-4EB2-8266-C7515E201FBB} = {C9376B58-E1AA-4EAB-B808-5E06DE9097D0}
		{C5C320CE-15AE-4F4E-84C6-2B9518488163} = {C9376B58-E1AA-4EAB-B808-5E06DE9097D0}
		{05C4456B-7C23-40C7-9C13-7CF55AED2361} = {92D7E8D3-D1D2-4BFD-8A90-7AC8E4F00FA7}
		{FBD26267-4504-4075-89DB-58717EAC08CA} = {92D7E8D3-D1D2-4BFD-8A90-7AC8E4F00FA7}
		{3A434520-F061-4585-A859-E094CFAEAFBC} = {73964E84-59A3-46D0-8094-4DE318A0D0EA}
		{2D54ED53-D7F0-4AED-B649-43FEE8E01344} = {73964E84-59A3-46D0-8094-4DE318A0D0EA}
		{75B7BADF-68A5-4B39-B218-5541BE34756E} = {EC44D856-2AE4-48C6-84E3-56A64C8E3A98}
		{0E917BA8-4B0B-41D0-B33B-869BEEF619EC} = {EC44D856-2AE4-48C6-84E3-56A64C8E3A98}
		{EDFD6DD0-A747-41A4-B9B2-153957D59401} = {EC44D856-2AE4-48C6-84E3-56A64C8E3A98}
		{5774D0D3-E4E4-465E-823C-7BA14B8F08A1} = {058950C2-E5E7-4F9E-9401-11AE064D6305}
		{7ED5A0D1-A883-4110-8498-0254FE7014D4} = {058950C2-E5E7-4F9E-9401-11AE064D6305}
		{6E6A0481-6139-4246-A38D-E722FC323C29} = {058950C2-E5E7-4F9E-9401-11AE064D6305}
		{890CC15A-4AFA-4361-92E9-B16C5FF71E20} = {A0E73277-518C-4A43-B690-A0FCED10D55A}
	EndGlobalSection
	GlobalSection(ProjectConfigurationPlatforms) = postSolution
		{B769479F-6F9B-4119-9597-38C488FF619C}.Debug|Any CPU.ActiveCfg = Debug|Any CPU
		{B769479F-6F9B-4119-9597-38C488FF619C}.Debug|Any CPU.Build.0 = Debug|Any CPU
		{B769479F-6F9B-4119-9597-38C488FF619C}.Release|Any CPU.ActiveCfg = Release|Any CPU
		{B769479F-6F9B-4119-9597-38C488FF619C}.Release|Any CPU.Build.0 = Release|Any CPU
		{8A0E711F-D3B5-4FD2-A6FA-1E5B9832BF75}.Debug|Any CPU.ActiveCfg = Debug|Any CPU
		{8A0E711F-D3B5-4FD2-A6FA-1E5B9832BF75}.Debug|Any CPU.Build.0 = Debug|Any CPU
		{8A0E711F-D3B5-4FD2-A6FA-1E5B9832BF75}.Release|Any CPU.ActiveCfg = Release|Any CPU
		{8A0E711F-D3B5-4FD2-A6FA-1E5B9832BF75}.Release|Any CPU.Build.0 = Release|Any CPU
		{AA1C2E6C-8A56-4A9C-AAFB-1F1883CF11AC}.Debug|Any CPU.ActiveCfg = Debug|Any CPU
		{AA1C2E6C-8A56-4A9C-AAFB-1F1883CF11AC}.Debug|Any CPU.Build.0 = Debug|Any CPU
		{AA1C2E6C-8A56-4A9C-AAFB-1F1883CF11AC}.Release|Any CPU.ActiveCfg = Release|Any CPU
		{AA1C2E6C-8A56-4A9C-AAFB-1F1883CF11AC}.Release|Any CPU.Build.0 = Release|Any CPU
		{E1712F0A-1E61-4985-9EAE-9C3AEA595D1F}.Debug|Any CPU.ActiveCfg = Debug|Any CPU
		{E1712F0A-1E61-4985-9EAE-9C3AEA595D1F}.Debug|Any CPU.Build.0 = Debug|Any CPU
		{E1712F0A-1E61-4985-9EAE-9C3AEA595D1F}.Release|Any CPU.ActiveCfg = Release|Any CPU
		{E1712F0A-1E61-4985-9EAE-9C3AEA595D1F}.Release|Any CPU.Build.0 = Release|Any CPU
		{11824573-A71C-43A1-87C9-E92B0FE4B91A}.Debug|Any CPU.ActiveCfg = Debug|Any CPU
		{11824573-A71C-43A1-87C9-E92B0FE4B91A}.Debug|Any CPU.Build.0 = Debug|Any CPU
		{11824573-A71C-43A1-87C9-E92B0FE4B91A}.Release|Any CPU.ActiveCfg = Release|Any CPU
		{11824573-A71C-43A1-87C9-E92B0FE4B91A}.Release|Any CPU.Build.0 = Release|Any CPU
		{884CB266-1FEC-4713-B3BE-A620C5CE34B6}.Debug|Any CPU.ActiveCfg = Debug|Any CPU
		{884CB266-1FEC-4713-B3BE-A620C5CE34B6}.Debug|Any CPU.Build.0 = Debug|Any CPU
		{884CB266-1FEC-4713-B3BE-A620C5CE34B6}.Release|Any CPU.ActiveCfg = Release|Any CPU
		{884CB266-1FEC-4713-B3BE-A620C5CE34B6}.Release|Any CPU.Build.0 = Release|Any CPU
		{EEE33220-A6CA-4EBC-852F-E2CF3E4EC3E7}.Debug|Any CPU.ActiveCfg = Debug|Any CPU
		{EEE33220-A6CA-4EBC-852F-E2CF3E4EC3E7}.Debug|Any CPU.Build.0 = Debug|Any CPU
		{EEE33220-A6CA-4EBC-852F-E2CF3E4EC3E7}.Release|Any CPU.ActiveCfg = Release|Any CPU
		{EEE33220-A6CA-4EBC-852F-E2CF3E4EC3E7}.Release|Any CPU.Build.0 = Release|Any CPU
		{DE966DCB-BABE-442A-913C-E81E5C247317}.Debug|Any CPU.ActiveCfg = Debug|Any CPU
		{DE966DCB-BABE-442A-913C-E81E5C247317}.Debug|Any CPU.Build.0 = Debug|Any CPU
		{DE966DCB-BABE-442A-913C-E81E5C247317}.Release|Any CPU.ActiveCfg = Release|Any CPU
		{DE966DCB-BABE-442A-913C-E81E5C247317}.Release|Any CPU.Build.0 = Release|Any CPU
		{27BBD577-4EB1-4708-9F48-2BF0C9D3FE86}.Debug|Any CPU.ActiveCfg = Debug|Any CPU
		{27BBD577-4EB1-4708-9F48-2BF0C9D3FE86}.Debug|Any CPU.Build.0 = Debug|Any CPU
		{27BBD577-4EB1-4708-9F48-2BF0C9D3FE86}.Release|Any CPU.ActiveCfg = Release|Any CPU
		{27BBD577-4EB1-4708-9F48-2BF0C9D3FE86}.Release|Any CPU.Build.0 = Release|Any CPU
		{D348CA6D-6B58-4A2C-9560-F4B4A7326E19}.Debug|Any CPU.ActiveCfg = Debug|Any CPU
		{D348CA6D-6B58-4A2C-9560-F4B4A7326E19}.Debug|Any CPU.Build.0 = Debug|Any CPU
		{D348CA6D-6B58-4A2C-9560-F4B4A7326E19}.Release|Any CPU.ActiveCfg = Release|Any CPU
		{D348CA6D-6B58-4A2C-9560-F4B4A7326E19}.Release|Any CPU.Build.0 = Release|Any CPU
		{CBA30313-4656-4CB2-AFE3-C2EE371B938A}.Debug|Any CPU.ActiveCfg = Debug|Any CPU
		{CBA30313-4656-4CB2-AFE3-C2EE371B938A}.Debug|Any CPU.Build.0 = Debug|Any CPU
		{CBA30313-4656-4CB2-AFE3-C2EE371B938A}.Release|Any CPU.ActiveCfg = Release|Any CPU
		{CBA30313-4656-4CB2-AFE3-C2EE371B938A}.Release|Any CPU.Build.0 = Release|Any CPU
		{DD4508C6-BB87-420A-92BC-82EB5AE1AEF3}.Debug|Any CPU.ActiveCfg = Debug|Any CPU
		{DD4508C6-BB87-420A-92BC-82EB5AE1AEF3}.Debug|Any CPU.Build.0 = Debug|Any CPU
		{DD4508C6-BB87-420A-92BC-82EB5AE1AEF3}.Release|Any CPU.ActiveCfg = Release|Any CPU
		{DD4508C6-BB87-420A-92BC-82EB5AE1AEF3}.Release|Any CPU.Build.0 = Release|Any CPU
		{1C68AF90-7ED8-4A41-B757-29D49171AEDB}.Debug|Any CPU.ActiveCfg = Debug|Any CPU
		{1C68AF90-7ED8-4A41-B757-29D49171AEDB}.Debug|Any CPU.Build.0 = Debug|Any CPU
		{1C68AF90-7ED8-4A41-B757-29D49171AEDB}.Release|Any CPU.ActiveCfg = Release|Any CPU
		{1C68AF90-7ED8-4A41-B757-29D49171AEDB}.Release|Any CPU.Build.0 = Release|Any CPU
		{75F587A8-F86F-4A4F-9262-131E4F358CA1}.Debug|Any CPU.ActiveCfg = Debug|Any CPU
		{75F587A8-F86F-4A4F-9262-131E4F358CA1}.Debug|Any CPU.Build.0 = Debug|Any CPU
		{75F587A8-F86F-4A4F-9262-131E4F358CA1}.Release|Any CPU.ActiveCfg = Release|Any CPU
		{75F587A8-F86F-4A4F-9262-131E4F358CA1}.Release|Any CPU.Build.0 = Release|Any CPU
		{5878DE36-9655-4301-BEB1-EC8013F8CE2D}.Debug|Any CPU.ActiveCfg = Debug|Any CPU
		{5878DE36-9655-4301-BEB1-EC8013F8CE2D}.Debug|Any CPU.Build.0 = Debug|Any CPU
		{5878DE36-9655-4301-BEB1-EC8013F8CE2D}.Release|Any CPU.ActiveCfg = Release|Any CPU
		{5878DE36-9655-4301-BEB1-EC8013F8CE2D}.Release|Any CPU.Build.0 = Release|Any CPU
		{5B06C3F1-D9D4-49FB-A6AD-ED34EEA8D6B9}.Debug|Any CPU.ActiveCfg = Debug|Any CPU
		{5B06C3F1-D9D4-49FB-A6AD-ED34EEA8D6B9}.Debug|Any CPU.Build.0 = Debug|Any CPU
		{5B06C3F1-D9D4-49FB-A6AD-ED34EEA8D6B9}.Release|Any CPU.ActiveCfg = Release|Any CPU
		{5B06C3F1-D9D4-49FB-A6AD-ED34EEA8D6B9}.Release|Any CPU.Build.0 = Release|Any CPU
		{67DC3B83-F5E6-4BB4-BE63-27913186F8A6}.Debug|Any CPU.ActiveCfg = Debug|Any CPU
		{67DC3B83-F5E6-4BB4-BE63-27913186F8A6}.Debug|Any CPU.Build.0 = Debug|Any CPU
		{67DC3B83-F5E6-4BB4-BE63-27913186F8A6}.Release|Any CPU.ActiveCfg = Release|Any CPU
		{67DC3B83-F5E6-4BB4-BE63-27913186F8A6}.Release|Any CPU.Build.0 = Release|Any CPU
		{851121B2-EBC7-4ECF-A7D3-E3AEAEF05765}.Debug|Any CPU.ActiveCfg = Debug|Any CPU
		{851121B2-EBC7-4ECF-A7D3-E3AEAEF05765}.Debug|Any CPU.Build.0 = Debug|Any CPU
		{851121B2-EBC7-4ECF-A7D3-E3AEAEF05765}.Release|Any CPU.ActiveCfg = Release|Any CPU
		{851121B2-EBC7-4ECF-A7D3-E3AEAEF05765}.Release|Any CPU.Build.0 = Release|Any CPU
		{1ECDC06D-5A05-4283-A2A7-DBE8826B2010}.Debug|Any CPU.ActiveCfg = Debug|Any CPU
		{1ECDC06D-5A05-4283-A2A7-DBE8826B2010}.Debug|Any CPU.Build.0 = Debug|Any CPU
		{1ECDC06D-5A05-4283-A2A7-DBE8826B2010}.Release|Any CPU.ActiveCfg = Release|Any CPU
		{1ECDC06D-5A05-4283-A2A7-DBE8826B2010}.Release|Any CPU.Build.0 = Release|Any CPU
		{FD2BE4CA-0C9C-407E-9D72-D82182B715E7}.Debug|Any CPU.ActiveCfg = Debug|Any CPU
		{FD2BE4CA-0C9C-407E-9D72-D82182B715E7}.Debug|Any CPU.Build.0 = Debug|Any CPU
		{FD2BE4CA-0C9C-407E-9D72-D82182B715E7}.Release|Any CPU.ActiveCfg = Release|Any CPU
		{FD2BE4CA-0C9C-407E-9D72-D82182B715E7}.Release|Any CPU.Build.0 = Release|Any CPU
		{755CCA89-9941-4061-A6E5-B0CB8DE69E75}.Debug|Any CPU.ActiveCfg = Debug|Any CPU
		{755CCA89-9941-4061-A6E5-B0CB8DE69E75}.Debug|Any CPU.Build.0 = Debug|Any CPU
		{755CCA89-9941-4061-A6E5-B0CB8DE69E75}.Release|Any CPU.ActiveCfg = Release|Any CPU
		{755CCA89-9941-4061-A6E5-B0CB8DE69E75}.Release|Any CPU.Build.0 = Release|Any CPU
		{314E0459-0A0D-4DB8-8B29-0969D690C0BE}.Debug|Any CPU.ActiveCfg = Debug|Any CPU
		{314E0459-0A0D-4DB8-8B29-0969D690C0BE}.Debug|Any CPU.Build.0 = Debug|Any CPU
		{314E0459-0A0D-4DB8-8B29-0969D690C0BE}.Release|Any CPU.ActiveCfg = Release|Any CPU
		{314E0459-0A0D-4DB8-8B29-0969D690C0BE}.Release|Any CPU.Build.0 = Release|Any CPU
		{BB0D56E9-1FC5-4EB2-8266-C7515E201FBB}.Debug|Any CPU.ActiveCfg = Debug|Any CPU
		{BB0D56E9-1FC5-4EB2-8266-C7515E201FBB}.Debug|Any CPU.Build.0 = Debug|Any CPU
		{BB0D56E9-1FC5-4EB2-8266-C7515E201FBB}.Release|Any CPU.ActiveCfg = Release|Any CPU
		{BB0D56E9-1FC5-4EB2-8266-C7515E201FBB}.Release|Any CPU.Build.0 = Release|Any CPU
		{C5C320CE-15AE-4F4E-84C6-2B9518488163}.Debug|Any CPU.ActiveCfg = Debug|Any CPU
		{C5C320CE-15AE-4F4E-84C6-2B9518488163}.Debug|Any CPU.Build.0 = Debug|Any CPU
		{C5C320CE-15AE-4F4E-84C6-2B9518488163}.Release|Any CPU.ActiveCfg = Release|Any CPU
		{C5C320CE-15AE-4F4E-84C6-2B9518488163}.Release|Any CPU.Build.0 = Release|Any CPU
		{05C4456B-7C23-40C7-9C13-7CF55AED2361}.Debug|Any CPU.ActiveCfg = Debug|Any CPU
		{05C4456B-7C23-40C7-9C13-7CF55AED2361}.Debug|Any CPU.Build.0 = Debug|Any CPU
		{05C4456B-7C23-40C7-9C13-7CF55AED2361}.Release|Any CPU.ActiveCfg = Release|Any CPU
		{05C4456B-7C23-40C7-9C13-7CF55AED2361}.Release|Any CPU.Build.0 = Release|Any CPU
		{FBD26267-4504-4075-89DB-58717EAC08CA}.Debug|Any CPU.ActiveCfg = Debug|Any CPU
		{FBD26267-4504-4075-89DB-58717EAC08CA}.Debug|Any CPU.Build.0 = Debug|Any CPU
		{FBD26267-4504-4075-89DB-58717EAC08CA}.Release|Any CPU.ActiveCfg = Release|Any CPU
		{FBD26267-4504-4075-89DB-58717EAC08CA}.Release|Any CPU.Build.0 = Release|Any CPU
		{3A434520-F061-4585-A859-E094CFAEAFBC}.Debug|Any CPU.ActiveCfg = Debug|Any CPU
		{3A434520-F061-4585-A859-E094CFAEAFBC}.Debug|Any CPU.Build.0 = Debug|Any CPU
		{3A434520-F061-4585-A859-E094CFAEAFBC}.Release|Any CPU.ActiveCfg = Release|Any CPU
		{3A434520-F061-4585-A859-E094CFAEAFBC}.Release|Any CPU.Build.0 = Release|Any CPU
		{2D54ED53-D7F0-4AED-B649-43FEE8E01344}.Debug|Any CPU.ActiveCfg = Debug|Any CPU
		{2D54ED53-D7F0-4AED-B649-43FEE8E01344}.Debug|Any CPU.Build.0 = Debug|Any CPU
		{2D54ED53-D7F0-4AED-B649-43FEE8E01344}.Release|Any CPU.ActiveCfg = Release|Any CPU
		{2D54ED53-D7F0-4AED-B649-43FEE8E01344}.Release|Any CPU.Build.0 = Release|Any CPU
		{75B7BADF-68A5-4B39-B218-5541BE34756E}.Debug|Any CPU.ActiveCfg = Debug|Any CPU
		{75B7BADF-68A5-4B39-B218-5541BE34756E}.Debug|Any CPU.Build.0 = Debug|Any CPU
		{75B7BADF-68A5-4B39-B218-5541BE34756E}.Release|Any CPU.ActiveCfg = Release|Any CPU
		{75B7BADF-68A5-4B39-B218-5541BE34756E}.Release|Any CPU.Build.0 = Release|Any CPU
		{0E917BA8-4B0B-41D0-B33B-869BEEF619EC}.Debug|Any CPU.ActiveCfg = Debug|Any CPU
		{0E917BA8-4B0B-41D0-B33B-869BEEF619EC}.Debug|Any CPU.Build.0 = Debug|Any CPU
		{0E917BA8-4B0B-41D0-B33B-869BEEF619EC}.Release|Any CPU.ActiveCfg = Release|Any CPU
		{0E917BA8-4B0B-41D0-B33B-869BEEF619EC}.Release|Any CPU.Build.0 = Release|Any CPU
		{EDFD6DD0-A747-41A4-B9B2-153957D59401}.Debug|Any CPU.ActiveCfg = Debug|Any CPU
		{EDFD6DD0-A747-41A4-B9B2-153957D59401}.Debug|Any CPU.Build.0 = Debug|Any CPU
		{EDFD6DD0-A747-41A4-B9B2-153957D59401}.Release|Any CPU.ActiveCfg = Release|Any CPU
		{EDFD6DD0-A747-41A4-B9B2-153957D59401}.Release|Any CPU.Build.0 = Release|Any CPU
		{5774D0D3-E4E4-465E-823C-7BA14B8F08A1}.Debug|Any CPU.ActiveCfg = Debug|Any CPU
		{5774D0D3-E4E4-465E-823C-7BA14B8F08A1}.Debug|Any CPU.Build.0 = Debug|Any CPU
		{5774D0D3-E4E4-465E-823C-7BA14B8F08A1}.Release|Any CPU.ActiveCfg = Release|Any CPU
		{5774D0D3-E4E4-465E-823C-7BA14B8F08A1}.Release|Any CPU.Build.0 = Release|Any CPU
		{7ED5A0D1-A883-4110-8498-0254FE7014D4}.Debug|Any CPU.ActiveCfg = Debug|Any CPU
		{7ED5A0D1-A883-4110-8498-0254FE7014D4}.Debug|Any CPU.Build.0 = Debug|Any CPU
		{7ED5A0D1-A883-4110-8498-0254FE7014D4}.Release|Any CPU.ActiveCfg = Release|Any CPU
		{7ED5A0D1-A883-4110-8498-0254FE7014D4}.Release|Any CPU.Build.0 = Release|Any CPU
		{6E6A0481-6139-4246-A38D-E722FC323C29}.Debug|Any CPU.ActiveCfg = Debug|Any CPU
		{6E6A0481-6139-4246-A38D-E722FC323C29}.Debug|Any CPU.Build.0 = Debug|Any CPU
		{6E6A0481-6139-4246-A38D-E722FC323C29}.Release|Any CPU.ActiveCfg = Release|Any CPU
		{6E6A0481-6139-4246-A38D-E722FC323C29}.Release|Any CPU.Build.0 = Release|Any CPU
		{890CC15A-4AFA-4361-92E9-B16C5FF71E20}.Debug|Any CPU.ActiveCfg = Debug|Any CPU
		{890CC15A-4AFA-4361-92E9-B16C5FF71E20}.Debug|Any CPU.Build.0 = Debug|Any CPU
		{890CC15A-4AFA-4361-92E9-B16C5FF71E20}.Release|Any CPU.ActiveCfg = Release|Any CPU
		{890CC15A-4AFA-4361-92E9-B16C5FF71E20}.Release|Any CPU.Build.0 = Release|Any CPU
	EndGlobalSection
EndGlobal
